
Microsoft Visual Studio Solution File, Format Version 12.00
# Visual Studio Version 17
VisualStudioVersion = 17.7.34202.233
MinimumVisualStudioVersion = 10.0.40219.1
Project("{9A19103F-16F7-4668-BE54-9A1E7A4F7556}") = "BD2.Common", "BD2.Common\BD2.Common.csproj", "{3F7DB148-0E7E-4C10-95E4-530994086D45}"
EndProject
Project("{9A19103F-16F7-4668-BE54-9A1E7A4F7556}") = "DB2.Repository", "DB2.Repository\DB2.Repository.csproj", "{6BFF9C55-A9D3-49F6-B9E9-C9AAAAECCAAE}"
EndProject
Project("{9A19103F-16F7-4668-BE54-9A1E7A4F7556}") = "DB2.Service", "DB2.Service\DB2.Service.csproj", "{29B4747A-2428-4600-A34C-3A3DCC8FDE88}"
EndProject
Project("{9A19103F-16F7-4668-BE54-9A1E7A4F7556}") = "BD2.Api", "BD2.Api\BD2.Api.csproj", "{941009B9-5BF1-435B-AB12-C33D0CCAC5AD}"
EndProject
Global
	GlobalSection(SolutionConfigurationPlatforms) = preSolution
		Debug|Any CPU = Debug|Any CPU
		Release|Any CPU = Release|Any CPU
	EndGlobalSection
	GlobalSection(ProjectConfigurationPlatforms) = postSolution
		{3F7DB148-0E7E-4C10-95E4-530994086D45}.Debug|Any CPU.ActiveCfg = Debug|Any CPU
		{3F7DB148-0E7E-4C10-95E4-530994086D45}.Debug|Any CPU.Build.0 = Debug|Any CPU
		{3F7DB148-0E7E-4C10-95E4-530994086D45}.Release|Any CPU.ActiveCfg = Release|Any CPU
		{3F7DB148-0E7E-4C10-95E4-530994086D45}.Release|Any CPU.Build.0 = Release|Any CPU
		{6BFF9C55-A9D3-49F6-B9E9-C9AAAAECCAAE}.Debug|Any CPU.ActiveCfg = Debug|Any CPU
		{6BFF9C55-A9D3-49F6-B9E9-C9AAAAECCAAE}.Debug|Any CPU.Build.0 = Debug|Any CPU
		{6BFF9C55-A9D3-49F6-B9E9-C9AAAAECCAAE}.Release|Any CPU.ActiveCfg = Release|Any CPU
		{6BFF9C55-A9D3-49F6-B9E9-C9AAAAECCAAE}.Release|Any CPU.Build.0 = Release|Any CPU
		{29B4747A-2428-4600-A34C-3A3DCC8FDE88}.Debug|Any CPU.ActiveCfg = Debug|Any CPU
		{29B4747A-2428-4600-A34C-3A3DCC8FDE88}.Debug|Any CPU.Build.0 = Debug|Any CPU
		{29B4747A-2428-4600-A34C-3A3DCC8FDE88}.Release|Any CPU.ActiveCfg = Release|Any CPU
		{29B4747A-2428-4600-A34C-3A3DCC8FDE88}.Release|Any CPU.Build.0 = Release|Any CPU
		{941009B9-5BF1-435B-AB12-C33D0CCAC5AD}.Debug|Any CPU.ActiveCfg = Debug|Any CPU
		{941009B9-5BF1-435B-AB12-C33D0CCAC5AD}.Debug|Any CPU.Build.0 = Debug|Any CPU
		{941009B9-5BF1-435B-AB12-C33D0CCAC5AD}.Release|Any CPU.ActiveCfg = Release|Any CPU
		{941009B9-5BF1-435B-AB12-C33D0CCAC5AD}.Release|Any CPU.Build.0 = Release|Any CPU
	EndGlobalSection
	GlobalSection(SolutionProperties) = preSolution
		HideSolutionNode = FALSE
	EndGlobalSection
	GlobalSection(ExtensibilityGlobals) = postSolution
		SolutionGuid = {72914A31-209D-48C8-992A-9FF32EAA4319}
	EndGlobalSection
EndGlobal
